// !$*UTF8*$!
{
	archiveVersion = 1;
	classes = {
	};
	objectVersion = 56;
	objects = {

/* Begin PBXBuildFile section */
		E6EC860828BBD41400F0438B /* Listing_10_71App.swift in Sources */ = {isa = PBXBuildFile; fileRef = E6EC860728BBD41400F0438B /* Listing_10_71App.swift */; };
		E6EC860C28BBD41500F0438B /* Assets.xcassets in Resources */ = {isa = PBXBuildFile; fileRef = E6EC860B28BBD41500F0438B /* Assets.xcassets */; };
		E6EC861028BBD41500F0438B /* Preview Assets.xcassets in Resources */ = {isa = PBXBuildFile; fileRef = E6EC860F28BBD41500F0438B /* Preview Assets.xcassets */; };
		E6EC862028BBD63B00F0438B /* InsertAuthorView.swift in Sources */ = {isa = PBXBuildFile; fileRef = E6EC861628BBD63A00F0438B /* InsertAuthorView.swift */; };
		E6EC862128BBD63B00F0438B /* InsertBookView.swift in Sources */ = {isa = PBXBuildFile; fileRef = E6EC861728BBD63A00F0438B /* InsertBookView.swift */; };
		E6EC862228BBD63B00F0438B /* books.xcdatamodeld in Sources */ = {isa = PBXBuildFile; fileRef = E6EC861828BBD63A00F0438B /* books.xcdatamodeld */; };
		E6EC862328BBD63B00F0438B /* ApplicationData.swift in Sources */ = {isa = PBXBuildFile; fileRef = E6EC861A28BBD63A00F0438B /* ApplicationData.swift */; };
		E6EC862428BBD63B00F0438B /* AuthorsView.swift in Sources */ = {isa = PBXBuildFile; fileRef = E6EC861B28BBD63A00F0438B /* AuthorsView.swift */; };
		E6EC862528BBD63B00F0438B /* ModifyBookView.swift in Sources */ = {isa = PBXBuildFile; fileRef = E6EC861C28BBD63B00F0438B /* ModifyBookView.swift */; };
		E6EC862628BBD63B00F0438B /* AuthorBooksView.swift in Sources */ = {isa = PBXBuildFile; fileRef = E6EC861D28BBD63B00F0438B /* AuthorBooksView.swift */; };
		E6EC862728BBD63B00F0438B /* Extensions.swift in Sources */ = {isa = PBXBuildFile; fileRef = E6EC861E28BBD63B00F0438B /* Extensions.swift */; };
		E6EC862828BBD63B00F0438B /* ContentView.swift in Sources */ = {isa = PBXBuildFile; fileRef = E6EC861F28BBD63B00F0438B /* ContentView.swift */; };
/* End PBXBuildFile section */

/* Begin PBXFileReference section */
		E6EC860428BBD41400F0438B /* Listing 10-71.app */ = {isa = PBXFileReference; explicitFileType = wrapper.application; includeInIndex = 0; path = "Listing 10-71.app"; sourceTree = BUILT_PRODUCTS_DIR; };
		E6EC860728BBD41400F0438B /* Listing_10_71App.swift */ = {isa = PBXFileReference; lastKnownFileType = sourcecode.swift; path = Listing_10_71App.swift; sourceTree = "<group>"; };
		E6EC860B28BBD41500F0438B /* Assets.xcassets */ = {isa = PBXFileReference; lastKnownFileType = folder.assetcatalog; path = Assets.xcassets; sourceTree = "<group>"; };
		E6EC860D28BBD41500F0438B /* Listing_10_71.entitlements */ = {isa = PBXFileReference; lastKnownFileType = text.plist.entitlements; path = Listing_10_71.entitlements; sourceTree = "<group>"; };
		E6EC860F28BBD41500F0438B /* Preview Assets.xcassets */ = {isa = PBXFileReference; lastKnownFileType = folder.assetcatalog; path = "Preview Assets.xcassets"; sourceTree = "<group>"; };
		E6EC861628BBD63A00F0438B /* InsertAuthorView.swift */ = {isa = PBXFileReference; fileEncoding = 4; lastKnownFileType = sourcecode.swift; path = InsertAuthorView.swift; sourceTree = "<group>"; };
		E6EC861728BBD63A00F0438B /* InsertBookView.swift */ = {isa = PBXFileReference; fileEncoding = 4; lastKnownFileType = sourcecode.swift; path = InsertBookView.swift; sourceTree = "<group>"; };
		E6EC861928BBD63A00F0438B /* books.xcdatamodel */ = {isa = PBXFileReference; lastKnownFileType = wrapper.xcdatamodel; path = books.xcdatamodel; sourceTree = "<group>"; };
		E6EC861A28BBD63A00F0438B /* ApplicationData.swift */ = {isa = PBXFileReference; fileEncoding = 4; lastKnownFileType = sourcecode.swift; path = ApplicationData.swift; sourceTree = "<group>"; };
		E6EC861B28BBD63A00F0438B /* AuthorsView.swift */ = {isa = PBXFileReference; fileEncoding = 4; lastKnownFileType = sourcecode.swift; path = AuthorsView.swift; sourceTree = "<group>"; };
		E6EC861C28BBD63B00F0438B /* ModifyBookView.swift */ = {isa = PBXFileReference; fileEncoding = 4; lastKnownFileType = sourcecode.swift; path = ModifyBookView.swift; sourceTree = "<group>"; };
		E6EC861D28BBD63B00F0438B /* AuthorBooksView.swift */ = {isa = PBXFileReference; fileEncoding = 4; lastKnownFileType = sourcecode.swift; path = AuthorBooksView.swift; sourceTree = "<group>"; };
		E6EC861E28BBD63B00F0438B /* Extensions.swift */ = {isa = PBXFileReference; fileEncoding = 4; lastKnownFileType = sourcecode.swift; path = Extensions.swift; sourceTree = "<group>"; };
		E6EC861F28BBD63B00F0438B /* ContentView.swift */ = {isa = PBXFileReference; fileEncoding = 4; lastKnownFileType = sourcecode.swift; path = ContentView.swift; sourceTree = "<group>"; };
/* End PBXFileReference section */

/* Begin PBXFrameworksBuildPhase section */
		E6EC860128BBD41400F0438B /* Frameworks */ = {
			isa = PBXFrameworksBuildPhase;
			buildActionMask = 2147483647;
			files = (
			);
			runOnlyForDeploymentPostprocessing = 0;
		};
/* End PBXFrameworksBuildPhase section */

/* Begin PBXGroup section */
		E6EC85FB28BBD41400F0438B = {
			isa = PBXGroup;
			children = (
				E6EC860628BBD41400F0438B /* Listing 10-71 */,
				E6EC860528BBD41400F0438B /* Products */,
			);
			sourceTree = "<group>";
		};
		E6EC860528BBD41400F0438B /* Products */ = {
			isa = PBXGroup;
			children = (
				E6EC860428BBD41400F0438B /* Listing 10-71.app */,
			);
			name = Products;
			sourceTree = "<group>";
		};
		E6EC860628BBD41400F0438B /* Listing 10-71 */ = {
			isa = PBXGroup;
			children = (
				E6EC860728BBD41400F0438B /* Listing_10_71App.swift */,
				E6EC861A28BBD63A00F0438B /* ApplicationData.swift */,
				E6EC861F28BBD63B00F0438B /* ContentView.swift */,
				E6EC861D28BBD63B00F0438B /* AuthorBooksView.swift */,
				E6EC861B28BBD63A00F0438B /* AuthorsView.swift */,
				E6EC861E28BBD63B00F0438B /* Extensions.swift */,
				E6EC861628BBD63A00F0438B /* InsertAuthorView.swift */,
				E6EC861728BBD63A00F0438B /* InsertBookView.swift */,
				E6EC861C28BBD63B00F0438B /* ModifyBookView.swift */,
				E6EC861828BBD63A00F0438B /* books.xcdatamodeld */,
				E6EC860B28BBD41500F0438B /* Assets.xcassets */,
				E6EC860D28BBD41500F0438B /* Listing_10_71.entitlements */,
				E6EC860E28BBD41500F0438B /* Preview Content */,
			);
			path = "Listing 10-71";
			sourceTree = "<group>";
		};
		E6EC860E28BBD41500F0438B /* Preview Content */ = {
			isa = PBXGroup;
			children = (
				E6EC860F28BBD41500F0438B /* Preview Assets.xcassets */,
			);
			path = "Preview Content";
			sourceTree = "<group>";
		};
/* End PBXGroup section */

/* Begin PBXNativeTarget section */
		E6EC860328BBD41400F0438B /* Listing 10-71 */ = {
			isa = PBXNativeTarget;
			buildConfigurationList = E6EC861328BBD41500F0438B /* Build configuration list for PBXNativeTarget "Listing 10-71" */;
			buildPhases = (
				E6EC860028BBD41400F0438B /* Sources */,
				E6EC860128BBD41400F0438B /* Frameworks */,
				E6EC860228BBD41400F0438B /* Resources */,
			);
			buildRules = (
			);
			dependencies = (
			);
			name = "Listing 10-71";
			productName = "Listing 10-71";
			productReference = E6EC860428BBD41400F0438B /* Listing 10-71.app */;
			productType = "com.apple.product-type.application";
		};
/* End PBXNativeTarget section */

/* Begin PBXProject section */
		E6EC85FC28BBD41400F0438B /* Project object */ = {
			isa = PBXProject;
			attributes = {
				BuildIndependentTargetsInParallel = 1;
				LastSwiftUpdateCheck = 1400;
				LastUpgradeCheck = 1400;
				TargetAttributes = {
					E6EC860328BBD41400F0438B = {
						CreatedOnToolsVersion = 14.0;
					};
				};
			};
			buildConfigurationList = E6EC85FF28BBD41400F0438B /* Build configuration list for PBXProject "Listing 10-71" */;
			compatibilityVersion = "Xcode 14.0";
			developmentRegion = en;
			hasScannedForEncodings = 0;
			knownRegions = (
				en,
				Base,
			);
			mainGroup = E6EC85FB28BBD41400F0438B;
			productRefGroup = E6EC860528BBD41400F0438B /* Products */;
			projectDirPath = "";
			projectRoot = "";
			targets = (
				E6EC860328BBD41400F0438B /* Listing 10-71 */,
			);
		};
/* End PBXProject section */

/* Begin PBXResourcesBuildPhase section */
		E6EC860228BBD41400F0438B /* Resources */ = {
			isa = PBXResourcesBuildPhase;
			buildActionMask = 2147483647;
			files = (
				E6EC861028BBD41500F0438B /* Preview Assets.xcassets in Resources */,
				E6EC860C28BBD41500F0438B /* Assets.xcassets in Resources */,
			);
			runOnlyForDeploymentPostprocessing = 0;
		};
/* End PBXResourcesBuildPhase section */

/* Begin PBXSourcesBuildPhase section */
		E6EC860028BBD41400F0438B /* Sources */ = {
			isa = PBXSourcesBuildPhase;
			buildActionMask = 2147483647;
			files = (
				E6EC862328BBD63B00F0438B /* ApplicationData.swift in Sources */,
				E6EC862728BBD63B00F0438B /* Extensions.swift in Sources */,
				E6EC862528BBD63B00F0438B /* ModifyBookView.swift in Sources */,
				E6EC862228BBD63B00F0438B /* books.xcdatamodeld in Sources */,
				E6EC862028BBD63B00F0438B /* InsertAuthorView.swift in Sources */,
				E6EC862628BBD63B00F0438B /* AuthorBooksView.swift in Sources */,
				E6EC862828BBD63B00F0438B /* ContentView.swift in Sources */,
				E6EC862428BBD63B00F0438B /* AuthorsView.swift in Sources */,
				E6EC862128BBD63B00F0438B /* InsertBookView.swift in Sources */,
				E6EC860828BBD41400F0438B /* Listing_10_71App.swift in Sources */,
			);
			runOnlyForDeploymentPostprocessing = 0;
		};
/* End PBXSourcesBuildPhase section */

/* Begin XCBuildConfiguration section */
		E6EC861128BBD41500F0438B /* Debug */ = {
			isa = XCBuildConfiguration;
			buildSettings = {
				ALWAYS_SEARCH_USER_PATHS = NO;
				CLANG_ANALYZER_NONNULL = YES;
				CLANG_ANALYZER_NUMBER_OBJECT_CONVERSION = YES_AGGRESSIVE;
				CLANG_CXX_LANGUAGE_STANDARD = "gnu++20";
				CLANG_ENABLE_MODULES = YES;
				CLANG_ENABLE_OBJC_ARC = YES;
				CLANG_ENABLE_OBJC_WEAK = YES;
				CLANG_WARN_BLOCK_CAPTURE_AUTORELEASING = YES;
				CLANG_WARN_BOOL_CONVERSION = YES;
				CLANG_WARN_COMMA = YES;
				CLANG_WARN_CONSTANT_CONVERSION = YES;
				CLANG_WARN_DEPRECATED_OBJC_IMPLEMENTATIONS = YES;
				CLANG_WARN_DIRECT_OBJC_ISA_USAGE = YES_ERROR;
				CLANG_WARN_DOCUMENTATION_COMMENTS = YES;
				CLANG_WARN_EMPTY_BODY = YES;
				CLANG_WARN_ENUM_CONVERSION = YES;
				CLANG_WARN_INFINITE_RECURSION = YES;
				CLANG_WARN_INT_CONVERSION = YES;
				CLANG_WARN_NON_LITERAL_NULL_CONVERSION = YES;
				CLANG_WARN_OBJC_IMPLICIT_RETAIN_SELF = YES;
				CLANG_WARN_OBJC_LITERAL_CONVERSION = YES;
				CLANG_WARN_OBJC_ROOT_CLASS = YES_ERROR;
				CLANG_WARN_QUOTED_INCLUDE_IN_FRAMEWORK_HEADER = YES;
				CLANG_WARN_RANGE_LOOP_ANALYSIS = YES;
				CLANG_WARN_STRICT_PROTOTYPES = YES;
				CLANG_WARN_SUSPICIOUS_MOVE = YES;
				CLANG_WARN_UNGUARDED_AVAILABILITY = YES_AGGRESSIVE;
				CLANG_WARN_UNREACHABLE_CODE = YES;
				CLANG_WARN__DUPLICATE_METHOD_MATCH = YES;
				COPY_PHASE_STRIP = NO;
				DEBUG_INFORMATION_FORMAT = dwarf;
				ENABLE_STRICT_OBJC_MSGSEND = YES;
				ENABLE_TESTABILITY = YES;
				GCC_C_LANGUAGE_STANDARD = gnu11;
				GCC_DYNAMIC_NO_PIC = NO;
				GCC_NO_COMMON_BLOCKS = YES;
				GCC_OPTIMIZATION_LEVEL = 0;
				GCC_PREPROCESSOR_DEFINITIONS = (
					"DEBUG=1",
					"$(inherited)",
				);
				GCC_WARN_64_TO_32_BIT_CONVERSION = YES;
				GCC_WARN_ABOUT_RETURN_TYPE = YES_ERROR;
				GCC_WARN_UNDECLARED_SELECTOR = YES;
				GCC_WARN_UNINITIALIZED_AUTOS = YES_AGGRESSIVE;
				GCC_WARN_UNUSED_FUNCTION = YES;
				GCC_WARN_UNUSED_VARIABLE = YES;
				MTL_ENABLE_DEBUG_INFO = INCLUDE_SOURCE;
				MTL_FAST_MATH = YES;
				ONLY_ACTIVE_ARCH = YES;
				SWIFT_ACTIVE_COMPILATION_CONDITIONS = DEBUG;
				SWIFT_OPTIMIZATION_LEVEL = "-Onone";
			};
			name = Debug;
		};
		E6EC861228BBD41500F0438B /* Release */ = {
			isa = XCBuildConfiguration;
			buildSettings = {
				ALWAYS_SEARCH_USER_PATHS = NO;
				CLANG_ANALYZER_NONNULL = YES;
				CLANG_ANALYZER_NUMBER_OBJECT_CONVERSION = YES_AGGRESSIVE;
				CLANG_CXX_LANGUAGE_STANDARD = "gnu++20";
				CLANG_ENABLE_MODULES = YES;
				CLANG_ENABLE_OBJC_ARC = YES;
				CLANG_ENABLE_OBJC_WEAK = YES;
				CLANG_WARN_BLOCK_CAPTURE_AUTORELEASING = YES;
				CLANG_WARN_BOOL_CONVERSION = YES;
				CLANG_WARN_COMMA = YES;
				CLANG_WARN_CONSTANT_CONVERSION = YES;
				CLANG_WARN_DEPRECATED_OBJC_IMPLEMENTATIONS = YES;
				CLANG_WARN_DIRECT_OBJC_ISA_USAGE = YES_ERROR;
				CLANG_WARN_DOCUMENTATION_COMMENTS = YES;
				CLANG_WARN_EMPTY_BODY = YES;
				CLANG_WARN_ENUM_CONVERSION = YES;
				CLANG_WARN_INFINITE_RECURSION = YES;
				CLANG_WARN_INT_CONVERSION = YES;
				CLANG_WARN_NON_LITERAL_NULL_CONVERSION = YES;
				CLANG_WARN_OBJC_IMPLICIT_RETAIN_SELF = YES;
				CLANG_WARN_OBJC_LITERAL_CONVERSION = YES;
				CLANG_WARN_OBJC_ROOT_CLASS = YES_ERROR;
				CLANG_WARN_QUOTED_INCLUDE_IN_FRAMEWORK_HEADER = YES;
				CLANG_WARN_RANGE_LOOP_ANALYSIS = YES;
				CLANG_WARN_STRICT_PROTOTYPES = YES;
				CLANG_WARN_SUSPICIOUS_MOVE = YES;
				CLANG_WARN_UNGUARDED_AVAILABILITY = YES_AGGRESSIVE;
				CLANG_WARN_UNREACHABLE_CODE = YES;
				CLANG_WARN__DUPLICATE_METHOD_MATCH = YES;
				COPY_PHASE_STRIP = NO;
				DEBUG_INFORMATION_FORMAT = "dwarf-with-dsym";
				ENABLE_NS_ASSERTIONS = NO;
				ENABLE_STRICT_OBJC_MSGSEND = YES;
				GCC_C_LANGUAGE_STANDARD = gnu11;
				GCC_NO_COMMON_BLOCKS = YES;
				GCC_WARN_64_TO_32_BIT_CONVERSION = YES;
				GCC_WARN_ABOUT_RETURN_TYPE = YES_ERROR;
				GCC_WARN_UNDECLARED_SELECTOR = YES;
				GCC_WARN_UNINITIALIZED_AUTOS = YES_AGGRESSIVE;
				GCC_WARN_UNUSED_FUNCTION = YES;
				GCC_WARN_UNUSED_VARIABLE = YES;
				MTL_ENABLE_DEBUG_INFO = NO;
				MTL_FAST_MATH = YES;
				SWIFT_COMPILATION_MODE = wholemodule;
				SWIFT_OPTIMIZATION_LEVEL = "-O";
			};
			name = Release;
		};
		E6EC861428BBD41500F0438B /* Debug */ = {
			isa = XCBuildConfiguration;
			buildSettings = {
				ASSETCATALOG_COMPILER_APPICON_NAME = AppIcon;
				ASSETCATALOG_COMPILER_GLOBAL_ACCENT_COLOR_NAME = AccentColor;
				CODE_SIGN_ENTITLEMENTS = "Listing 10-71/Listing_10_71.entitlements";
				CODE_SIGN_STYLE = Automatic;
				CURRENT_PROJECT_VERSION = 1;
				DEVELOPMENT_ASSET_PATHS = "\"Listing 10-71/Preview Content\"";
				DEVELOPMENT_TEAM = 48S7G5U7J3;
				ENABLE_HARDENED_RUNTIME = YES;
				ENABLE_PREVIEWS = YES;
				GENERATE_INFOPLIST_FILE = YES;
				"INFOPLIST_KEY_UIApplicationSceneManifest_Generation[sdk=iphoneos*]" = YES;
				"INFOPLIST_KEY_UIApplicationSceneManifest_Generation[sdk=iphonesimulator*]" = YES;
				"INFOPLIST_KEY_UIApplicationSupportsIndirectInputEvents[sdk=iphoneos*]" = YES;
				"INFOPLIST_KEY_UIApplicationSupportsIndirectInputEvents[sdk=iphonesimulator*]" = YES;
				"INFOPLIST_KEY_UILaunchScreen_Generation[sdk=iphoneos*]" = YES;
				"INFOPLIST_KEY_UILaunchScreen_Generation[sdk=iphonesimulator*]" = YES;
				"INFOPLIST_KEY_UIStatusBarStyle[sdk=iphoneos*]" = UIStatusBarStyleDefault;
				"INFOPLIST_KEY_UIStatusBarStyle[sdk=iphonesimulator*]" = UIStatusBarStyleDefault;
				INFOPLIST_KEY_UISupportedInterfaceOrientations_iPad = "UIInterfaceOrientationPortrait UIInterfaceOrientationPortraitUpsideDown UIInterfaceOrientationLandscapeLeft UIInterfaceOrientationLandscapeRight";
				INFOPLIST_KEY_UISupportedInterfaceOrientations_iPhone = "UIInterfaceOrientationPortrait UIInterfaceOrientationLandscapeLeft UIInterfaceOrientationLandscapeRight";
				IPHONEOS_DEPLOYMENT_TARGET = 16.0;
				LD_RUNPATH_SEARCH_PATHS = "@executable_path/Frameworks";
				"LD_RUNPATH_SEARCH_PATHS[sdk=macosx*]" = "@executable_path/../Frameworks";
				MACOSX_DEPLOYMENT_TARGET = 12.4;
				MARKETING_VERSION = 1.0;
				PRODUCT_BUNDLE_IDENTIFIER = "com.formasterminds.Listing-10-71";
				PRODUCT_NAME = "$(TARGET_NAME)";
				SDKROOT = auto;
				SUPPORTED_PLATFORMS = "iphoneos iphonesimulator macosx";
				SWIFT_EMIT_LOC_STRINGS = YES;
				SWIFT_VERSION = 5.0;
				TARGETED_DEVICE_FAMILY = "1,2";
			};
			name = Debug;
		};
		E6EC861528BBD41500F0438B /* Release */ = {
			isa = XCBuildConfiguration;
			buildSettings = {
				ASSETCATALOG_COMPILER_APPICON_NAME = AppIcon;
				ASSETCATALOG_COMPILER_GLOBAL_ACCENT_COLOR_NAME = AccentColor;
				CODE_SIGN_ENTITLEMENTS = "Listing 10-71/Listing_10_71.entitlements";
				CODE_SIGN_STYLE = Automatic;
				CURRENT_PROJECT_VERSION = 1;
				DEVELOPMENT_ASSET_PATHS = "\"Listing 10-71/Preview Content\"";
				DEVELOPMENT_TEAM = 48S7G5U7J3;
				ENABLE_HARDENED_RUNTIME = YES;
				ENABLE_PREVIEWS = YES;
				GENERATE_INFOPLIST_FILE = YES;
				"INFOPLIST_KEY_UIApplicationSceneManifest_Generation[sdk=iphoneos*]" = YES;
				"INFOPLIST_KEY_UIApplicationSceneManifest_Generation[sdk=iphonesimulator*]" = YES;
				"INFOPLIST_KEY_UIApplicationSupportsIndirectInputEvents[sdk=iphoneos*]" = YES;
				"INFOPLIST_KEY_UIApplicationSupportsIndirectInputEvents[sdk=iphonesimulator*]" = YES;
				"INFOPLIST_KEY_UILaunchScreen_Generation[sdk=iphoneos*]" = YES;
				"INFOPLIST_KEY_UILaunchScreen_Generation[sdk=iphonesimulator*]" = YES;
				"INFOPLIST_KEY_UIStatusBarStyle[sdk=iphoneos*]" = UIStatusBarStyleDefault;
				"INFOPLIST_KEY_UIStatusBarStyle[sdk=iphonesimulator*]" = UIStatusBarStyleDefault;
				INFOPLIST_KEY_UISupportedInterfaceOrientations_iPad = "UIInterfaceOrientationPortrait UIInterfaceOrientationPortraitUpsideDown UIInterfaceOrientationLandscapeLeft UIInterfaceOrientationLandscapeRight";
				INFOPLIST_KEY_UISupportedInterfaceOrientations_iPhone = "UIInterfaceOrientationPortrait UIInterfaceOrientationLandscapeLeft UIInterfaceOrientationLandscapeRight";
				IPHONEOS_DEPLOYMENT_TARGET = 16.0;
				LD_RUNPATH_SEARCH_PATHS = "@executable_path/Frameworks";
				"LD_RUNPATH_SEARCH_PATHS[sdk=macosx*]" = "@executable_path/../Frameworks";
				MACOSX_DEPLOYMENT_TARGET = 12.4;
				MARKETING_VERSION = 1.0;
				PRODUCT_BUNDLE_IDENTIFIER = "com.formasterminds.Listing-10-71";
				PRODUCT_NAME = "$(TARGET_NAME)";
				SDKROOT = auto;
				SUPPORTED_PLATFORMS = "iphoneos iphonesimulator macosx";
				SWIFT_EMIT_LOC_STRINGS = YES;
				SWIFT_VERSION = 5.0;
				TARGETED_DEVICE_FAMILY = "1,2";
			};
			name = Release;
		};
/* End XCBuildConfiguration section */

/* Begin XCConfigurationList section */
		E6EC85FF28BBD41400F0438B /* Build configuration list for PBXProject "Listing 10-71" */ = {
			isa = XCConfigurationList;
			buildConfigurations = (
				E6EC861128BBD41500F0438B /* Debug */,
				E6EC861228BBD41500F0438B /* Release */,
			);
			defaultConfigurationIsVisible = 0;
			defaultConfigurationName = Release;
		};
		E6EC861328BBD41500F0438B /* Build configuration list for PBXNativeTarget "Listing 10-71" */ = {
			isa = XCConfigurationList;
			buildConfigurations = (
				E6EC861428BBD41500F0438B /* Debug */,
				E6EC861528BBD41500F0438B /* Release */,
			);
			defaultConfigurationIsVisible = 0;
			defaultConfigurationName = Release;
		};
/* End XCConfigurationList section */

/* Begin XCVersionGroup section */
		E6EC861828BBD63A00F0438B /* books.xcdatamodeld */ = {
			isa = XCVersionGroup;
			children = (
				E6EC861928BBD63A00F0438B /* books.xcdatamodel */,
			);
			currentVersion = E6EC861928BBD63A00F0438B /* books.xcdatamodel */;
			path = books.xcdatamodeld;
			sourceTree = "<group>";
			versionGroupType = wrapper.xcdatamodel;
		};
/* End XCVersionGroup section */
	};
	rootObject = E6EC85FC28BBD41400F0438B /* Project object */;
}
