// !$*UTF8*$!
{
	archiveVersion = 1;
	classes = {
	};
	objectVersion = 56;
	objects = {

/* Begin PBXBuildFile section */
		E61AAE3728AE5765004EFC5F /* Listing_10_60App.swift in Sources */ = {isa = PBXBuildFile; fileRef = E61AAE3628AE5765004EFC5F /* Listing_10_60App.swift */; };
		E61AAE3B28AE5766004EFC5F /* Assets.xcassets in Resources */ = {isa = PBXBuildFile; fileRef = E61AAE3A28AE5766004EFC5F /* Assets.xcassets */; };
		E61AAE3F28AE5766004EFC5F /* Preview Assets.xcassets in Resources */ = {isa = PBXBuildFile; fileRef = E61AAE3E28AE5766004EFC5F /* Preview Assets.xcassets */; };
		E61AAE4D28AE57A7004EFC5F /* InsertAuthorView.swift in Sources */ = {isa = PBXBuildFile; fileRef = E61AAE4528AE57A7004EFC5F /* InsertAuthorView.swift */; };
		E61AAE4E28AE57A7004EFC5F /* ContentView.swift in Sources */ = {isa = PBXBuildFile; fileRef = E61AAE4628AE57A7004EFC5F /* ContentView.swift */; };
		E61AAE4F28AE57A7004EFC5F /* InsertBookView.swift in Sources */ = {isa = PBXBuildFile; fileRef = E61AAE4728AE57A7004EFC5F /* InsertBookView.swift */; };
		E61AAE5028AE57A7004EFC5F /* AuthorsView.swift in Sources */ = {isa = PBXBuildFile; fileRef = E61AAE4828AE57A7004EFC5F /* AuthorsView.swift */; };
		E61AAE5128AE57A7004EFC5F /* books.xcdatamodeld in Sources */ = {isa = PBXBuildFile; fileRef = E61AAE4928AE57A7004EFC5F /* books.xcdatamodeld */; };
		E61AAE5228AE57A7004EFC5F /* Extensions.swift in Sources */ = {isa = PBXBuildFile; fileRef = E61AAE4B28AE57A7004EFC5F /* Extensions.swift */; };
		E61AAE5328AE57A7004EFC5F /* ApplicationData.swift in Sources */ = {isa = PBXBuildFile; fileRef = E61AAE4C28AE57A7004EFC5F /* ApplicationData.swift */; };
/* End PBXBuildFile section */

/* Begin PBXFileReference section */
		E61AAE3328AE5765004EFC5F /* Listing 10-60.app */ = {isa = PBXFileReference; explicitFileType = wrapper.application; includeInIndex = 0; path = "Listing 10-60.app"; sourceTree = BUILT_PRODUCTS_DIR; };
		E61AAE3628AE5765004EFC5F /* Listing_10_60App.swift */ = {isa = PBXFileReference; lastKnownFileType = sourcecode.swift; path = Listing_10_60App.swift; sourceTree = "<group>"; };
		E61AAE3A28AE5766004EFC5F /* Assets.xcassets */ = {isa = PBXFileReference; lastKnownFileType = folder.assetcatalog; path = Assets.xcassets; sourceTree = "<group>"; };
		E61AAE3C28AE5766004EFC5F /* Listing_10_60.entitlements */ = {isa = PBXFileReference; lastKnownFileType = text.plist.entitlements; path = Listing_10_60.entitlements; sourceTree = "<group>"; };
		E61AAE3E28AE5766004EFC5F /* Preview Assets.xcassets */ = {isa = PBXFileReference; lastKnownFileType = folder.assetcatalog; path = "Preview Assets.xcassets"; sourceTree = "<group>"; };
		E61AAE4528AE57A7004EFC5F /* InsertAuthorView.swift */ = {isa = PBXFileReference; fileEncoding = 4; lastKnownFileType = sourcecode.swift; path = InsertAuthorView.swift; sourceTree = "<group>"; };
		E61AAE4628AE57A7004EFC5F /* ContentView.swift */ = {isa = PBXFileReference; fileEncoding = 4; lastKnownFileType = sourcecode.swift; path = ContentView.swift; sourceTree = "<group>"; };
		E61AAE4728AE57A7004EFC5F /* InsertBookView.swift */ = {isa = PBXFileReference; fileEncoding = 4; lastKnownFileType = sourcecode.swift; path = InsertBookView.swift; sourceTree = "<group>"; };
		E61AAE4828AE57A7004EFC5F /* AuthorsView.swift */ = {isa = PBXFileReference; fileEncoding = 4; lastKnownFileType = sourcecode.swift; path = AuthorsView.swift; sourceTree = "<group>"; };
		E61AAE4A28AE57A7004EFC5F /* books.xcdatamodel */ = {isa = PBXFileReference; lastKnownFileType = wrapper.xcdatamodel; path = books.xcdatamodel; sourceTree = "<group>"; };
		E61AAE4B28AE57A7004EFC5F /* Extensions.swift */ = {isa = PBXFileReference; fileEncoding = 4; lastKnownFileType = sourcecode.swift; path = Extensions.swift; sourceTree = "<group>"; };
		E61AAE4C28AE57A7004EFC5F /* ApplicationData.swift */ = {isa = PBXFileReference; fileEncoding = 4; lastKnownFileType = sourcecode.swift; path = ApplicationData.swift; sourceTree = "<group>"; };
/* End PBXFileReference section */

/* Begin PBXFrameworksBuildPhase section */
		E61AAE3028AE5765004EFC5F /* Frameworks */ = {
			isa = PBXFrameworksBuildPhase;
			buildActionMask = 2147483647;
			files = (
			);
			runOnlyForDeploymentPostprocessing = 0;
		};
/* End PBXFrameworksBuildPhase section */

/* Begin PBXGroup section */
		E61AAE2A28AE5765004EFC5F = {
			isa = PBXGroup;
			children = (
				E61AAE3528AE5765004EFC5F /* Listing 10-60 */,
				E61AAE3428AE5765004EFC5F /* Products */,
			);
			sourceTree = "<group>";
		};
		E61AAE3428AE5765004EFC5F /* Products */ = {
			isa = PBXGroup;
			children = (
				E61AAE3328AE5765004EFC5F /* Listing 10-60.app */,
			);
			name = Products;
			sourceTree = "<group>";
		};
		E61AAE3528AE5765004EFC5F /* Listing 10-60 */ = {
			isa = PBXGroup;
			children = (
				E61AAE3628AE5765004EFC5F /* Listing_10_60App.swift */,
				E61AAE4C28AE57A7004EFC5F /* ApplicationData.swift */,
				E61AAE4628AE57A7004EFC5F /* ContentView.swift */,
				E61AAE4828AE57A7004EFC5F /* AuthorsView.swift */,
				E61AAE4B28AE57A7004EFC5F /* Extensions.swift */,
				E61AAE4528AE57A7004EFC5F /* InsertAuthorView.swift */,
				E61AAE4728AE57A7004EFC5F /* InsertBookView.swift */,
				E61AAE4928AE57A7004EFC5F /* books.xcdatamodeld */,
				E61AAE3A28AE5766004EFC5F /* Assets.xcassets */,
				E61AAE3C28AE5766004EFC5F /* Listing_10_60.entitlements */,
				E61AAE3D28AE5766004EFC5F /* Preview Content */,
			);
			path = "Listing 10-60";
			sourceTree = "<group>";
		};
		E61AAE3D28AE5766004EFC5F /* Preview Content */ = {
			isa = PBXGroup;
			children = (
				E61AAE3E28AE5766004EFC5F /* Preview Assets.xcassets */,
			);
			path = "Preview Content";
			sourceTree = "<group>";
		};
/* End PBXGroup section */

/* Begin PBXNativeTarget section */
		E61AAE3228AE5765004EFC5F /* Listing 10-60 */ = {
			isa = PBXNativeTarget;
			buildConfigurationList = E61AAE4228AE5766004EFC5F /* Build configuration list for PBXNativeTarget "Listing 10-60" */;
			buildPhases = (
				E61AAE2F28AE5765004EFC5F /* Sources */,
				E61AAE3028AE5765004EFC5F /* Frameworks */,
				E61AAE3128AE5765004EFC5F /* Resources */,
			);
			buildRules = (
			);
			dependencies = (
			);
			name = "Listing 10-60";
			productName = "Listing 10-60";
			productReference = E61AAE3328AE5765004EFC5F /* Listing 10-60.app */;
			productType = "com.apple.product-type.application";
		};
/* End PBXNativeTarget section */

/* Begin PBXProject section */
		E61AAE2B28AE5765004EFC5F /* Project object */ = {
			isa = PBXProject;
			attributes = {
				BuildIndependentTargetsInParallel = 1;
				LastSwiftUpdateCheck = 1400;
				LastUpgradeCheck = 1400;
				TargetAttributes = {
					E61AAE3228AE5765004EFC5F = {
						CreatedOnToolsVersion = 14.0;
					};
				};
			};
			buildConfigurationList = E61AAE2E28AE5765004EFC5F /* Build configuration list for PBXProject "Listing 10-60" */;
			compatibilityVersion = "Xcode 14.0";
			developmentRegion = en;
			hasScannedForEncodings = 0;
			knownRegions = (
				en,
				Base,
			);
			mainGroup = E61AAE2A28AE5765004EFC5F;
			productRefGroup = E61AAE3428AE5765004EFC5F /* Products */;
			projectDirPath = "";
			projectRoot = "";
			targets = (
				E61AAE3228AE5765004EFC5F /* Listing 10-60 */,
			);
		};
/* End PBXProject section */

/* Begin PBXResourcesBuildPhase section */
		E61AAE3128AE5765004EFC5F /* Resources */ = {
			isa = PBXResourcesBuildPhase;
			buildActionMask = 2147483647;
			files = (
				E61AAE3F28AE5766004EFC5F /* Preview Assets.xcassets in Resources */,
				E61AAE3B28AE5766004EFC5F /* Assets.xcassets in Resources */,
			);
			runOnlyForDeploymentPostprocessing = 0;
		};
/* End PBXResourcesBuildPhase section */

/* Begin PBXSourcesBuildPhase section */
		E61AAE2F28AE5765004EFC5F /* Sources */ = {
			isa = PBXSourcesBuildPhase;
			buildActionMask = 2147483647;
			files = (
				E61AAE4D28AE57A7004EFC5F /* InsertAuthorView.swift in Sources */,
				E61AAE5028AE57A7004EFC5F /* AuthorsView.swift in Sources */,
				E61AAE3728AE5765004EFC5F /* Listing_10_60App.swift in Sources */,
				E61AAE4F28AE57A7004EFC5F /* InsertBookView.swift in Sources */,
				E61AAE5128AE57A7004EFC5F /* books.xcdatamodeld in Sources */,
				E61AAE4E28AE57A7004EFC5F /* ContentView.swift in Sources */,
				E61AAE5328AE57A7004EFC5F /* ApplicationData.swift in Sources */,
				E61AAE5228AE57A7004EFC5F /* Extensions.swift in Sources */,
			);
			runOnlyForDeploymentPostprocessing = 0;
		};
/* End PBXSourcesBuildPhase section */

/* Begin XCBuildConfiguration section */
		E61AAE4028AE5766004EFC5F /* Debug */ = {
			isa = XCBuildConfiguration;
			buildSettings = {
				ALWAYS_SEARCH_USER_PATHS = NO;
				CLANG_ANALYZER_NONNULL = YES;
				CLANG_ANALYZER_NUMBER_OBJECT_CONVERSION = YES_AGGRESSIVE;
				CLANG_CXX_LANGUAGE_STANDARD = "gnu++20";
				CLANG_ENABLE_MODULES = YES;
				CLANG_ENABLE_OBJC_ARC = YES;
				CLANG_ENABLE_OBJC_WEAK = YES;
				CLANG_WARN_BLOCK_CAPTURE_AUTORELEASING = YES;
				CLANG_WARN_BOOL_CONVERSION = YES;
				CLANG_WARN_COMMA = YES;
				CLANG_WARN_CONSTANT_CONVERSION = YES;
				CLANG_WARN_DEPRECATED_OBJC_IMPLEMENTATIONS = YES;
				CLANG_WARN_DIRECT_OBJC_ISA_USAGE = YES_ERROR;
				CLANG_WARN_DOCUMENTATION_COMMENTS = YES;
				CLANG_WARN_EMPTY_BODY = YES;
				CLANG_WARN_ENUM_CONVERSION = YES;
				CLANG_WARN_INFINITE_RECURSION = YES;
				CLANG_WARN_INT_CONVERSION = YES;
				CLANG_WARN_NON_LITERAL_NULL_CONVERSION = YES;
				CLANG_WARN_OBJC_IMPLICIT_RETAIN_SELF = YES;
				CLANG_WARN_OBJC_LITERAL_CONVERSION = YES;
				CLANG_WARN_OBJC_ROOT_CLASS = YES_ERROR;
				CLANG_WARN_QUOTED_INCLUDE_IN_FRAMEWORK_HEADER = YES;
				CLANG_WARN_RANGE_LOOP_ANALYSIS = YES;
				CLANG_WARN_STRICT_PROTOTYPES = YES;
				CLANG_WARN_SUSPICIOUS_MOVE = YES;
				CLANG_WARN_UNGUARDED_AVAILABILITY = YES_AGGRESSIVE;
				CLANG_WARN_UNREACHABLE_CODE = YES;
				CLANG_WARN__DUPLICATE_METHOD_MATCH = YES;
				COPY_PHASE_STRIP = NO;
				DEBUG_INFORMATION_FORMAT = dwarf;
				ENABLE_STRICT_OBJC_MSGSEND = YES;
				ENABLE_TESTABILITY = YES;
				GCC_C_LANGUAGE_STANDARD = gnu11;
				GCC_DYNAMIC_NO_PIC = NO;
				GCC_NO_COMMON_BLOCKS = YES;
				GCC_OPTIMIZATION_LEVEL = 0;
				GCC_PREPROCESSOR_DEFINITIONS = (
					"DEBUG=1",
					"$(inherited)",
				);
				GCC_WARN_64_TO_32_BIT_CONVERSION = YES;
				GCC_WARN_ABOUT_RETURN_TYPE = YES_ERROR;
				GCC_WARN_UNDECLARED_SELECTOR = YES;
				GCC_WARN_UNINITIALIZED_AUTOS = YES_AGGRESSIVE;
				GCC_WARN_UNUSED_FUNCTION = YES;
				GCC_WARN_UNUSED_VARIABLE = YES;
				MTL_ENABLE_DEBUG_INFO = INCLUDE_SOURCE;
				MTL_FAST_MATH = YES;
				ONLY_ACTIVE_ARCH = YES;
				SWIFT_ACTIVE_COMPILATION_CONDITIONS = DEBUG;
				SWIFT_OPTIMIZATION_LEVEL = "-Onone";
			};
			name = Debug;
		};
		E61AAE4128AE5766004EFC5F /* Release */ = {
			isa = XCBuildConfiguration;
			buildSettings = {
				ALWAYS_SEARCH_USER_PATHS = NO;
				CLANG_ANALYZER_NONNULL = YES;
				CLANG_ANALYZER_NUMBER_OBJECT_CONVERSION = YES_AGGRESSIVE;
				CLANG_CXX_LANGUAGE_STANDARD = "gnu++20";
				CLANG_ENABLE_MODULES = YES;
				CLANG_ENABLE_OBJC_ARC = YES;
				CLANG_ENABLE_OBJC_WEAK = YES;
				CLANG_WARN_BLOCK_CAPTURE_AUTORELEASING = YES;
				CLANG_WARN_BOOL_CONVERSION = YES;
				CLANG_WARN_COMMA = YES;
				CLANG_WARN_CONSTANT_CONVERSION = YES;
				CLANG_WARN_DEPRECATED_OBJC_IMPLEMENTATIONS = YES;
				CLANG_WARN_DIRECT_OBJC_ISA_USAGE = YES_ERROR;
				CLANG_WARN_DOCUMENTATION_COMMENTS = YES;
				CLANG_WARN_EMPTY_BODY = YES;
				CLANG_WARN_ENUM_CONVERSION = YES;
				CLANG_WARN_INFINITE_RECURSION = YES;
				CLANG_WARN_INT_CONVERSION = YES;
				CLANG_WARN_NON_LITERAL_NULL_CONVERSION = YES;
				CLANG_WARN_OBJC_IMPLICIT_RETAIN_SELF = YES;
				CLANG_WARN_OBJC_LITERAL_CONVERSION = YES;
				CLANG_WARN_OBJC_ROOT_CLASS = YES_ERROR;
				CLANG_WARN_QUOTED_INCLUDE_IN_FRAMEWORK_HEADER = YES;
				CLANG_WARN_RANGE_LOOP_ANALYSIS = YES;
				CLANG_WARN_STRICT_PROTOTYPES = YES;
				CLANG_WARN_SUSPICIOUS_MOVE = YES;
				CLANG_WARN_UNGUARDED_AVAILABILITY = YES_AGGRESSIVE;
				CLANG_WARN_UNREACHABLE_CODE = YES;
				CLANG_WARN__DUPLICATE_METHOD_MATCH = YES;
				COPY_PHASE_STRIP = NO;
				DEBUG_INFORMATION_FORMAT = "dwarf-with-dsym";
				ENABLE_NS_ASSERTIONS = NO;
				ENABLE_STRICT_OBJC_MSGSEND = YES;
				GCC_C_LANGUAGE_STANDARD = gnu11;
				GCC_NO_COMMON_BLOCKS = YES;
				GCC_WARN_64_TO_32_BIT_CONVERSION = YES;
				GCC_WARN_ABOUT_RETURN_TYPE = YES_ERROR;
				GCC_WARN_UNDECLARED_SELECTOR = YES;
				GCC_WARN_UNINITIALIZED_AUTOS = YES_AGGRESSIVE;
				GCC_WARN_UNUSED_FUNCTION = YES;
				GCC_WARN_UNUSED_VARIABLE = YES;
				MTL_ENABLE_DEBUG_INFO = NO;
				MTL_FAST_MATH = YES;
				SWIFT_COMPILATION_MODE = wholemodule;
				SWIFT_OPTIMIZATION_LEVEL = "-O";
			};
			name = Release;
		};
		E61AAE4328AE5766004EFC5F /* Debug */ = {
			isa = XCBuildConfiguration;
			buildSettings = {
				ASSETCATALOG_COMPILER_APPICON_NAME = AppIcon;
				ASSETCATALOG_COMPILER_GLOBAL_ACCENT_COLOR_NAME = AccentColor;
				CODE_SIGN_ENTITLEMENTS = "Listing 10-60/Listing_10_60.entitlements";
				CODE_SIGN_STYLE = Automatic;
				CURRENT_PROJECT_VERSION = 1;
				DEVELOPMENT_ASSET_PATHS = "\"Listing 10-60/Preview Content\"";
				DEVELOPMENT_TEAM = 48S7G5U7J3;
				ENABLE_HARDENED_RUNTIME = YES;
				ENABLE_PREVIEWS = YES;
				GENERATE_INFOPLIST_FILE = YES;
				"INFOPLIST_KEY_UIApplicationSceneManifest_Generation[sdk=iphoneos*]" = YES;
				"INFOPLIST_KEY_UIApplicationSceneManifest_Generation[sdk=iphonesimulator*]" = YES;
				"INFOPLIST_KEY_UIApplicationSupportsIndirectInputEvents[sdk=iphoneos*]" = YES;
				"INFOPLIST_KEY_UIApplicationSupportsIndirectInputEvents[sdk=iphonesimulator*]" = YES;
				"INFOPLIST_KEY_UILaunchScreen_Generation[sdk=iphoneos*]" = YES;
				"INFOPLIST_KEY_UILaunchScreen_Generation[sdk=iphonesimulator*]" = YES;
				"INFOPLIST_KEY_UIStatusBarStyle[sdk=iphoneos*]" = UIStatusBarStyleDefault;
				"INFOPLIST_KEY_UIStatusBarStyle[sdk=iphonesimulator*]" = UIStatusBarStyleDefault;
				INFOPLIST_KEY_UISupportedInterfaceOrientations_iPad = "UIInterfaceOrientationPortrait UIInterfaceOrientationPortraitUpsideDown UIInterfaceOrientationLandscapeLeft UIInterfaceOrientationLandscapeRight";
				INFOPLIST_KEY_UISupportedInterfaceOrientations_iPhone = "UIInterfaceOrientationPortrait UIInterfaceOrientationLandscapeLeft UIInterfaceOrientationLandscapeRight";
				IPHONEOS_DEPLOYMENT_TARGET = 16.0;
				LD_RUNPATH_SEARCH_PATHS = "@executable_path/Frameworks";
				"LD_RUNPATH_SEARCH_PATHS[sdk=macosx*]" = "@executable_path/../Frameworks";
				MACOSX_DEPLOYMENT_TARGET = 12.4;
				MARKETING_VERSION = 1.0;
				PRODUCT_BUNDLE_IDENTIFIER = "com.formasterminds.Listing-10-60";
				PRODUCT_NAME = "$(TARGET_NAME)";
				SDKROOT = auto;
				SUPPORTED_PLATFORMS = "iphoneos iphonesimulator macosx";
				SWIFT_EMIT_LOC_STRINGS = YES;
				SWIFT_VERSION = 5.0;
				TARGETED_DEVICE_FAMILY = "1,2";
			};
			name = Debug;
		};
		E61AAE4428AE5766004EFC5F /* Release */ = {
			isa = XCBuildConfiguration;
			buildSettings = {
				ASSETCATALOG_COMPILER_APPICON_NAME = AppIcon;
				ASSETCATALOG_COMPILER_GLOBAL_ACCENT_COLOR_NAME = AccentColor;
				CODE_SIGN_ENTITLEMENTS = "Listing 10-60/Listing_10_60.entitlements";
				CODE_SIGN_STYLE = Automatic;
				CURRENT_PROJECT_VERSION = 1;
				DEVELOPMENT_ASSET_PATHS = "\"Listing 10-60/Preview Content\"";
				DEVELOPMENT_TEAM = 48S7G5U7J3;
				ENABLE_HARDENED_RUNTIME = YES;
				ENABLE_PREVIEWS = YES;
				GENERATE_INFOPLIST_FILE = YES;
				"INFOPLIST_KEY_UIApplicationSceneManifest_Generation[sdk=iphoneos*]" = YES;
				"INFOPLIST_KEY_UIApplicationSceneManifest_Generation[sdk=iphonesimulator*]" = YES;
				"INFOPLIST_KEY_UIApplicationSupportsIndirectInputEvents[sdk=iphoneos*]" = YES;
				"INFOPLIST_KEY_UIApplicationSupportsIndirectInputEvents[sdk=iphonesimulator*]" = YES;
				"INFOPLIST_KEY_UILaunchScreen_Generation[sdk=iphoneos*]" = YES;
				"INFOPLIST_KEY_UILaunchScreen_Generation[sdk=iphonesimulator*]" = YES;
				"INFOPLIST_KEY_UIStatusBarStyle[sdk=iphoneos*]" = UIStatusBarStyleDefault;
				"INFOPLIST_KEY_UIStatusBarStyle[sdk=iphonesimulator*]" = UIStatusBarStyleDefault;
				INFOPLIST_KEY_UISupportedInterfaceOrientations_iPad = "UIInterfaceOrientationPortrait UIInterfaceOrientationPortraitUpsideDown UIInterfaceOrientationLandscapeLeft UIInterfaceOrientationLandscapeRight";
				INFOPLIST_KEY_UISupportedInterfaceOrientations_iPhone = "UIInterfaceOrientationPortrait UIInterfaceOrientationLandscapeLeft UIInterfaceOrientationLandscapeRight";
				IPHONEOS_DEPLOYMENT_TARGET = 16.0;
				LD_RUNPATH_SEARCH_PATHS = "@executable_path/Frameworks";
				"LD_RUNPATH_SEARCH_PATHS[sdk=macosx*]" = "@executable_path/../Frameworks";
				MACOSX_DEPLOYMENT_TARGET = 12.4;
				MARKETING_VERSION = 1.0;
				PRODUCT_BUNDLE_IDENTIFIER = "com.formasterminds.Listing-10-60";
				PRODUCT_NAME = "$(TARGET_NAME)";
				SDKROOT = auto;
				SUPPORTED_PLATFORMS = "iphoneos iphonesimulator macosx";
				SWIFT_EMIT_LOC_STRINGS = YES;
				SWIFT_VERSION = 5.0;
				TARGETED_DEVICE_FAMILY = "1,2";
			};
			name = Release;
		};
/* End XCBuildConfiguration section */

/* Begin XCConfigurationList section */
		E61AAE2E28AE5765004EFC5F /* Build configuration list for PBXProject "Listing 10-60" */ = {
			isa = XCConfigurationList;
			buildConfigurations = (
				E61AAE4028AE5766004EFC5F /* Debug */,
				E61AAE4128AE5766004EFC5F /* Release */,
			);
			defaultConfigurationIsVisible = 0;
			defaultConfigurationName = Release;
		};
		E61AAE4228AE5766004EFC5F /* Build configuration list for PBXNativeTarget "Listing 10-60" */ = {
			isa = XCConfigurationList;
			buildConfigurations = (
				E61AAE4328AE5766004EFC5F /* Debug */,
				E61AAE4428AE5766004EFC5F /* Release */,
			);
			defaultConfigurationIsVisible = 0;
			defaultConfigurationName = Release;
		};
/* End XCConfigurationList section */

/* Begin XCVersionGroup section */
		E61AAE4928AE57A7004EFC5F /* books.xcdatamodeld */ = {
			isa = XCVersionGroup;
			children = (
				E61AAE4A28AE57A7004EFC5F /* books.xcdatamodel */,
			);
			currentVersion = E61AAE4A28AE57A7004EFC5F /* books.xcdatamodel */;
			path = books.xcdatamodeld;
			sourceTree = "<group>";
			versionGroupType = wrapper.xcdatamodel;
		};
/* End XCVersionGroup section */
	};
	rootObject = E61AAE2B28AE5765004EFC5F /* Project object */;
}
